<?xml version="1.0" encoding="UTF-8"?>
<!DOCTYPE plist PUBLIC "-//Apple//DTD PLIST 1.0//EN" "http://www.apple.com/DTDs/PropertyList-1.0.dtd">
<plist version="1.0">
<dict>
	<key>archiveVersion</key>
	<string>1</string>
	<key>classes</key>
	<dict/>
	<key>objectVersion</key>
	<string>46</string>
	<key>objects</key>
	<dict>
		<key>3FC1BBB91D16DC7F00669546</key>
		<dict>
			<key>children</key>
			<array>
				<string>3FC1BBBA1D16DC8C00669546</string>
				<string>3FC1BBBB1D16DC8C00669546</string>
				<string>3FC1BBBC1D16DC8C00669546</string>
			</array>
			<key>isa</key>
			<string>PBXGroup</string>
			<key>name</key>
			<string>fonts</string>
			<key>sourceTree</key>
			<string>&lt;group&gt;</string>
		</dict>
		<key>3FC1BBBA1D16DC8C00669546</key>
		<dict>
			<key>isa</key>
			<string>PBXFileReference</string>
			<key>lastKnownFileType</key>
			<string>file</string>
			<key>name</key>
			<string>proximanova-black.otf</string>
			<key>path</key>
			<string>fonts/proximanova-black.otf</string>
			<key>sourceTree</key>
			<string>&lt;group&gt;</string>
		</dict>
		<key>3FC1BBBB1D16DC8C00669546</key>
		<dict>
			<key>isa</key>
			<string>PBXFileReference</string>
			<key>lastKnownFileType</key>
			<string>file</string>
			<key>name</key>
			<string>proximanova-bold.otf</string>
			<key>path</key>
			<string>fonts/proximanova-bold.otf</string>
			<key>sourceTree</key>
			<string>&lt;group&gt;</string>
		</dict>
		<key>3FC1BBBC1D16DC8C00669546</key>
		<dict>
			<key>isa</key>
			<string>PBXFileReference</string>
			<key>lastKnownFileType</key>
			<string>file</string>
			<key>name</key>
			<string>proximanova-regular.otf</string>
			<key>path</key>
			<string>fonts/proximanova-regular.otf</string>
			<key>sourceTree</key>
			<string>&lt;group&gt;</string>
		</dict>
		<key>3FC1BBBD1D16DC8C00669546</key>
		<dict>
			<key>fileRef</key>
			<string>3FC1BBBA1D16DC8C00669546</string>
			<key>isa</key>
			<string>PBXBuildFile</string>
		</dict>
		<key>3FC1BBBE1D16DC8C00669546</key>
		<dict>
			<key>fileRef</key>
			<string>3FC1BBBB1D16DC8C00669546</string>
			<key>isa</key>
			<string>PBXBuildFile</string>
		</dict>
		<key>3FC1BBBF1D16DC8C00669546</key>
		<dict>
			<key>fileRef</key>
			<string>3FC1BBBC1D16DC8C00669546</string>
			<key>isa</key>
			<string>PBXBuildFile</string>
		</dict>
		<key>3FC1BBC01D16E1FA00669546</key>
		<dict>
			<key>fileEncoding</key>
			<string>4</string>
			<key>isa</key>
			<string>PBXFileReference</string>
			<key>lastKnownFileType</key>
			<string>sourcecode.swift</string>
			<key>path</key>
			<string>Question.swift</string>
			<key>sourceTree</key>
			<string>&lt;group&gt;</string>
		</dict>
		<key>3FC1BBC11D16E1FA00669546</key>
		<dict>
			<key>fileRef</key>
			<string>3FC1BBC01D16E1FA00669546</string>
			<key>isa</key>
			<string>PBXBuildFile</string>
		</dict>
		<key>3FC1BBC21D16E21300669546</key>
		<dict>
			<key>fileEncoding</key>
			<string>4</string>
			<key>isa</key>
			<string>PBXFileReference</string>
			<key>lastKnownFileType</key>
			<string>sourcecode.swift</string>
			<key>path</key>
			<string>QuestionModel.swift</string>
			<key>sourceTree</key>
			<string>&lt;group&gt;</string>
		</dict>
		<key>3FC1BBC31D16E21300669546</key>
		<dict>
			<key>fileRef</key>
			<string>3FC1BBC21D16E21300669546</string>
			<key>isa</key>
			<string>PBXBuildFile</string>
		</dict>
		<key>3FC1BBC41D16F15F00669546</key>
		<dict>
			<key>fileEncoding</key>
			<string>4</string>
			<key>isa</key>
			<string>PBXFileReference</string>
			<key>lastKnownFileType</key>
			<string>sourcecode.swift</string>
			<key>path</key>
			<string>QuestionsViewController.swift</string>
			<key>sourceTree</key>
			<string>&lt;group&gt;</string>
		</dict>
		<key>3FC1BBC51D16F15F00669546</key>
		<dict>
			<key>fileRef</key>
			<string>3FC1BBC41D16F15F00669546</string>
			<key>isa</key>
			<string>PBXBuildFile</string>
		</dict>
		<key>3FC1BBC61D170D7100669546</key>
		<dict>
			<key>fileEncoding</key>
			<string>4</string>
			<key>isa</key>
			<string>PBXFileReference</string>
			<key>lastKnownFileType</key>
			<string>sourcecode.swift</string>
			<key>path</key>
			<string>SuccessViewController.swift</string>
			<key>sourceTree</key>
			<string>&lt;group&gt;</string>
		</dict>
		<key>3FC1BBC71D170D7100669546</key>
		<dict>
			<key>fileRef</key>
			<string>3FC1BBC61D170D7100669546</string>
			<key>isa</key>
			<string>PBXBuildFile</string>
		</dict>
		<key>3FC1BBC81D170D7C00669546</key>
		<dict>
			<key>fileEncoding</key>
			<string>4</string>
			<key>isa</key>
			<string>PBXFileReference</string>
			<key>lastKnownFileType</key>
			<string>sourcecode.swift</string>
			<key>path</key>
			<string>FailViewController.swift</string>
			<key>sourceTree</key>
			<string>&lt;group&gt;</string>
		</dict>
		<key>3FC1BBC91D170D7C00669546</key>
		<dict>
			<key>fileRef</key>
			<string>3FC1BBC81D170D7C00669546</string>
			<key>isa</key>
			<string>PBXBuildFile</string>
		</dict>
		<key>3FF38C971D11A1290092C787</key>
		<dict>
			<key>children</key>
			<array>
				<string>3FF38CA21D11A1290092C787</string>
				<string>3FF38CB71D11A1290092C787</string>
				<string>3FF38CC21D11A1290092C787</string>
				<string>3FF38CA11D11A1290092C787</string>
				<string>4EEA58A5F33DE27EFA52CF5D</string>
				<string>983C1F1A20AFDC5E2E509D36</string>
			</array>
			<key>isa</key>
			<string>PBXGroup</string>
			<key>sourceTree</key>
			<string>&lt;group&gt;</string>
		</dict>
		<key>3FF38C981D11A1290092C787</key>
		<dict>
			<key>attributes</key>
			<dict>
				<key>LastSwiftUpdateCheck</key>
				<string>0730</string>
				<key>LastUpgradeCheck</key>
				<string>0730</string>
				<key>ORGANIZATIONNAME</key>
				<string>&#1042;&#1080;&#1090;&#1072;&#1083;&#1080;&#1081; &#1042;&#1086;&#1083;&#1082;&#1086;&#1074;</string>
				<key>TargetAttributes</key>
				<dict>
					<key>3FF38C9F1D11A1290092C787</key>
					<dict>
						<key>CreatedOnToolsVersion</key>
						<string>7.3.1</string>
						<key>DevelopmentTeam</key>
						<string>P89V4KBVYT</string>
					</dict>
					<key>3FF38CB31D11A1290092C787</key>
					<dict>
						<key>CreatedOnToolsVersion</key>
						<string>7.3.1</string>
						<key>TestTargetID</key>
						<string>3FF38C9F1D11A1290092C787</string>
					</dict>
					<key>3FF38CBE1D11A1290092C787</key>
					<dict>
						<key>CreatedOnToolsVersion</key>
						<string>7.3.1</string>
						<key>TestTargetID</key>
						<string>3FF38C9F1D11A1290092C787</string>
					</dict>
				</dict>
			</dict>
			<key>buildConfigurationList</key>
			<string>3FF38C9B1D11A1290092C787</string>
			<key>compatibilityVersion</key>
			<string>Xcode 3.2</string>
			<key>developmentRegion</key>
			<string>English</string>
			<key>hasScannedForEncodings</key>
			<string>0</string>
			<key>isa</key>
			<string>PBXProject</string>
			<key>knownRegions</key>
			<array>
				<string>en</string>
				<string>Base</string>
			</array>
			<key>mainGroup</key>
			<string>3FF38C971D11A1290092C787</string>
			<key>productRefGroup</key>
			<string>3FF38CA11D11A1290092C787</string>
			<key>projectDirPath</key>
			<string></string>
			<key>projectReferences</key>
			<array/>
			<key>projectRoot</key>
			<string></string>
			<key>targets</key>
			<array>
				<string>3FF38C9F1D11A1290092C787</string>
				<string>3FF38CB31D11A1290092C787</string>
				<string>3FF38CBE1D11A1290092C787</string>
			</array>
		</dict>
		<key>3FF38C9B1D11A1290092C787</key>
		<dict>
			<key>buildConfigurations</key>
			<array>
				<string>3FF38CC61D11A1290092C787</string>
				<string>3FF38CC71D11A1290092C787</string>
			</array>
			<key>defaultConfigurationIsVisible</key>
			<string>0</string>
			<key>defaultConfigurationName</key>
			<string>Release</string>
			<key>isa</key>
			<string>XCConfigurationList</string>
		</dict>
		<key>3FF38C9C1D11A1290092C787</key>
		<dict>
			<key>buildActionMask</key>
			<string>2147483647</string>
			<key>files</key>
			<array>
				<string>3FC1BBC11D16E1FA00669546</string>
				<string>3FC1BBC51D16F15F00669546</string>
				<string>3FF38CA61D11A1290092C787</string>
				<string>3FF38CA41D11A1290092C787</string>
				<string>3FC1BBC71D170D7100669546</string>
				<string>3FC1BBC31D16E21300669546</string>
				<string>3FC1BBC91D170D7C00669546</string>
			</array>
			<key>isa</key>
			<string>PBXSourcesBuildPhase</string>
			<key>runOnlyForDeploymentPostprocessing</key>
			<string>0</string>
		</dict>
		<key>3FF38C9D1D11A1290092C787</key>
		<dict>
			<key>buildActionMask</key>
			<string>2147483647</string>
			<key>files</key>
			<array>
				<string>F274E3B5F41E5C762CFE1C92</string>
			</array>
			<key>isa</key>
			<string>PBXFrameworksBuildPhase</string>
			<key>runOnlyForDeploymentPostprocessing</key>
			<string>0</string>
		</dict>
		<key>3FF38C9E1D11A1290092C787</key>
		<dict>
			<key>buildActionMask</key>
			<string>2147483647</string>
			<key>files</key>
			<array>
				<string>3FC1BBBE1D16DC8C00669546</string>
				<string>3FC1BBBF1D16DC8C00669546</string>
				<string>3FF38CAE1D11A1290092C787</string>
				<string>3FF38CAB1D11A1290092C787</string>
				<string>3FC1BBBD1D16DC8C00669546</string>
				<string>3FF38CA91D11A1290092C787</string>
			</array>
			<key>isa</key>
			<string>PBXResourcesBuildPhase</string>
			<key>runOnlyForDeploymentPostprocessing</key>
			<string>0</string>
		</dict>
		<key>3FF38C9F1D11A1290092C787</key>
		<dict>
			<key>buildConfigurationList</key>
			<string>3FF38CC81D11A1290092C787</string>
			<key>buildPhases</key>
			<array>
				<string>8FA7B11BB3A309DED156164F</string>
				<string>3FF38C9C1D11A1290092C787</string>
				<string>3FF38C9D1D11A1290092C787</string>
				<string>3FF38C9E1D11A1290092C787</string>
				<string>5DE70DAEC3C5BF0B00BC5BF5</string>
				<string>475D2D5280ECFAAE92A7D418</string>
			</array>
			<key>buildRules</key>
			<array/>
			<key>dependencies</key>
			<array/>
			<key>isa</key>
			<string>PBXNativeTarget</string>
			<key>name</key>
			<string>QuizApp</string>
			<key>productName</key>
			<string>QuizApp</string>
			<key>productReference</key>
			<string>3FF38CA01D11A1290092C787</string>
			<key>productType</key>
			<string>com.apple.product-type.application</string>
		</dict>
		<key>3FF38CA01D11A1290092C787</key>
		<dict>
			<key>explicitFileType</key>
			<string>wrapper.application</string>
			<key>includeInIndex</key>
			<string>0</string>
			<key>isa</key>
			<string>PBXFileReference</string>
			<key>path</key>
			<string>QuizApp.app</string>
			<key>sourceTree</key>
			<string>BUILT_PRODUCTS_DIR</string>
		</dict>
		<key>3FF38CA11D11A1290092C787</key>
		<dict>
			<key>children</key>
			<array>
				<string>3FF38CA01D11A1290092C787</string>
				<string>3FF38CB41D11A1290092C787</string>
				<string>3FF38CBF1D11A1290092C787</string>
			</array>
			<key>isa</key>
			<string>PBXGroup</string>
			<key>name</key>
			<string>Products</string>
			<key>sourceTree</key>
			<string>&lt;group&gt;</string>
		</dict>
		<key>3FF38CA21D11A1290092C787</key>
		<dict>
			<key>children</key>
			<array>
				<string>3FC1BBB91D16DC7F00669546</string>
				<string>3FF38CA31D11A1290092C787</string>
				<string>3FF38CA51D11A1290092C787</string>
				<string>3FF38CA71D11A1290092C787</string>
				<string>3FF38CAA1D11A1290092C787</string>
				<string>3FF38CAC1D11A1290092C787</string>
				<string>3FF38CAF1D11A1290092C787</string>
				<string>3FC1BBC01D16E1FA00669546</string>
				<string>3FC1BBC21D16E21300669546</string>
				<string>3FC1BBC41D16F15F00669546</string>
				<string>3FC1BBC61D170D7100669546</string>
				<string>3FC1BBC81D170D7C00669546</string>
			</array>
			<key>isa</key>
			<string>PBXGroup</string>
			<key>path</key>
			<string>QuizApp</string>
			<key>sourceTree</key>
			<string>&lt;group&gt;</string>
		</dict>
		<key>3FF38CA31D11A1290092C787</key>
		<dict>
			<key>isa</key>
			<string>PBXFileReference</string>
			<key>lastKnownFileType</key>
			<string>sourcecode.swift</string>
			<key>path</key>
			<string>AppDelegate.swift</string>
			<key>sourceTree</key>
			<string>&lt;group&gt;</string>
		</dict>
		<key>3FF38CA41D11A1290092C787</key>
		<dict>
			<key>fileRef</key>
			<string>3FF38CA31D11A1290092C787</string>
			<key>isa</key>
			<string>PBXBuildFile</string>
		</dict>
		<key>3FF38CA51D11A1290092C787</key>
		<dict>
			<key>isa</key>
			<string>PBXFileReference</string>
			<key>lastKnownFileType</key>
			<string>sourcecode.swift</string>
			<key>path</key>
			<string>ViewController.swift</string>
			<key>sourceTree</key>
			<string>&lt;group&gt;</string>
		</dict>
		<key>3FF38CA61D11A1290092C787</key>
		<dict>
			<key>fileRef</key>
			<string>3FF38CA51D11A1290092C787</string>
			<key>isa</key>
			<string>PBXBuildFile</string>
		</dict>
		<key>3FF38CA71D11A1290092C787</key>
		<dict>
			<key>children</key>
			<array>
				<string>3FF38CA81D11A1290092C787</string>
			</array>
			<key>isa</key>
			<string>PBXVariantGroup</string>
			<key>name</key>
			<string>Main.storyboard</string>
			<key>sourceTree</key>
			<string>&lt;group&gt;</string>
		</dict>
		<key>3FF38CA81D11A1290092C787</key>
		<dict>
			<key>isa</key>
			<string>PBXFileReference</string>
			<key>lastKnownFileType</key>
			<string>file.storyboard</string>
			<key>name</key>
			<string>Base</string>
			<key>path</key>
			<string>Base.lproj/Main.storyboard</string>
			<key>sourceTree</key>
			<string>&lt;group&gt;</string>
		</dict>
		<key>3FF38CA91D11A1290092C787</key>
		<dict>
			<key>fileRef</key>
			<string>3FF38CA71D11A1290092C787</string>
			<key>isa</key>
			<string>PBXBuildFile</string>
		</dict>
		<key>3FF38CAA1D11A1290092C787</key>
		<dict>
			<key>isa</key>
			<string>PBXFileReference</string>
			<key>lastKnownFileType</key>
			<string>folder.assetcatalog</string>
			<key>path</key>
			<string>Assets.xcassets</string>
			<key>sourceTree</key>
			<string>&lt;group&gt;</string>
		</dict>
		<key>3FF38CAB1D11A1290092C787</key>
		<dict>
			<key>fileRef</key>
			<string>3FF38CAA1D11A1290092C787</string>
			<key>isa</key>
			<string>PBXBuildFile</string>
		</dict>
		<key>3FF38CAC1D11A1290092C787</key>
		<dict>
			<key>children</key>
			<array>
				<string>3FF38CAD1D11A1290092C787</string>
			</array>
			<key>isa</key>
			<string>PBXVariantGroup</string>
			<key>name</key>
			<string>LaunchScreen.storyboard</string>
			<key>sourceTree</key>
			<string>&lt;group&gt;</string>
		</dict>
		<key>3FF38CAD1D11A1290092C787</key>
		<dict>
			<key>isa</key>
			<string>PBXFileReference</string>
			<key>lastKnownFileType</key>
			<string>file.storyboard</string>
			<key>name</key>
			<string>Base</string>
			<key>path</key>
			<string>Base.lproj/LaunchScreen.storyboard</string>
			<key>sourceTree</key>
			<string>&lt;group&gt;</string>
		</dict>
		<key>3FF38CAE1D11A1290092C787</key>
		<dict>
			<key>fileRef</key>
			<string>3FF38CAC1D11A1290092C787</string>
			<key>isa</key>
			<string>PBXBuildFile</string>
		</dict>
		<key>3FF38CAF1D11A1290092C787</key>
		<dict>
			<key>isa</key>
			<string>PBXFileReference</string>
			<key>lastKnownFileType</key>
			<string>text.plist.xml</string>
			<key>path</key>
			<string>Info.plist</string>
			<key>sourceTree</key>
			<string>&lt;group&gt;</string>
		</dict>
		<key>3FF38CB01D11A1290092C787</key>
		<dict>
			<key>buildActionMask</key>
			<string>2147483647</string>
			<key>files</key>
			<array>
				<string>3FF38CB91D11A1290092C787</string>
			</array>
			<key>isa</key>
			<string>PBXSourcesBuildPhase</string>
			<key>runOnlyForDeploymentPostprocessing</key>
			<string>0</string>
		</dict>
		<key>3FF38CB11D11A1290092C787</key>
		<dict>
			<key>buildActionMask</key>
			<string>2147483647</string>
			<key>files</key>
			<array/>
			<key>isa</key>
			<string>PBXFrameworksBuildPhase</string>
			<key>runOnlyForDeploymentPostprocessing</key>
			<string>0</string>
		</dict>
		<key>3FF38CB21D11A1290092C787</key>
		<dict>
			<key>buildActionMask</key>
			<string>2147483647</string>
			<key>files</key>
			<array/>
			<key>isa</key>
			<string>PBXResourcesBuildPhase</string>
			<key>runOnlyForDeploymentPostprocessing</key>
			<string>0</string>
		</dict>
		<key>3FF38CB31D11A1290092C787</key>
		<dict>
			<key>buildConfigurationList</key>
			<string>3FF38CCB1D11A1290092C787</string>
			<key>buildPhases</key>
			<array>
				<string>3FF38CB01D11A1290092C787</string>
				<string>3FF38CB11D11A1290092C787</string>
				<string>3FF38CB21D11A1290092C787</string>
			</array>
			<key>buildRules</key>
			<array/>
			<key>dependencies</key>
			<array>
				<string>3FF38CB61D11A1290092C787</string>
			</array>
			<key>isa</key>
			<string>PBXNativeTarget</string>
			<key>name</key>
			<string>QuizAppTests</string>
			<key>productName</key>
			<string>QuizAppTests</string>
			<key>productReference</key>
			<string>3FF38CB41D11A1290092C787</string>
			<key>productType</key>
			<string>com.apple.product-type.bundle.unit-test</string>
		</dict>
		<key>3FF38CB41D11A1290092C787</key>
		<dict>
			<key>explicitFileType</key>
			<string>wrapper.cfbundle</string>
			<key>includeInIndex</key>
			<string>0</string>
			<key>isa</key>
			<string>PBXFileReference</string>
			<key>path</key>
			<string>QuizAppTests.xctest</string>
			<key>sourceTree</key>
			<string>BUILT_PRODUCTS_DIR</string>
		</dict>
		<key>3FF38CB51D11A1290092C787</key>
		<dict>
			<key>containerPortal</key>
			<string>3FF38C981D11A1290092C787</string>
			<key>isa</key>
			<string>PBXContainerItemProxy</string>
			<key>proxyType</key>
			<string>1</string>
			<key>remoteGlobalIDString</key>
			<string>3FF38C9F1D11A1290092C787</string>
			<key>remoteInfo</key>
			<string>QuizApp</string>
		</dict>
		<key>3FF38CB61D11A1290092C787</key>
		<dict>
			<key>isa</key>
			<string>PBXTargetDependency</string>
			<key>target</key>
			<string>3FF38C9F1D11A1290092C787</string>
			<key>targetProxy</key>
			<string>3FF38CB51D11A1290092C787</string>
		</dict>
		<key>3FF38CB71D11A1290092C787</key>
		<dict>
			<key>children</key>
			<array>
				<string>3FF38CB81D11A1290092C787</string>
				<string>3FF38CBA1D11A1290092C787</string>
			</array>
			<key>isa</key>
			<string>PBXGroup</string>
			<key>path</key>
			<string>QuizAppTests</string>
			<key>sourceTree</key>
			<string>&lt;group&gt;</string>
		</dict>
		<key>3FF38CB81D11A1290092C787</key>
		<dict>
			<key>isa</key>
			<string>PBXFileReference</string>
			<key>lastKnownFileType</key>
			<string>sourcecode.swift</string>
			<key>path</key>
			<string>QuizAppTests.swift</string>
			<key>sourceTree</key>
			<string>&lt;group&gt;</string>
		</dict>
		<key>3FF38CB91D11A1290092C787</key>
		<dict>
			<key>fileRef</key>
			<string>3FF38CB81D11A1290092C787</string>
			<key>isa</key>
			<string>PBXBuildFile</string>
		</dict>
		<key>3FF38CBA1D11A1290092C787</key>
		<dict>
			<key>isa</key>
			<string>PBXFileReference</string>
			<key>lastKnownFileType</key>
			<string>text.plist.xml</string>
			<key>path</key>
			<string>Info.plist</string>
			<key>sourceTree</key>
			<string>&lt;group&gt;</string>
		</dict>
		<key>3FF38CBB1D11A1290092C787</key>
		<dict>
			<key>buildActionMask</key>
			<string>2147483647</string>
			<key>files</key>
			<array>
				<string>3FF38CC41D11A1290092C787</string>
			</array>
			<key>isa</key>
			<string>PBXSourcesBuildPhase</string>
			<key>runOnlyForDeploymentPostprocessing</key>
			<string>0</string>
		</dict>
		<key>3FF38CBC1D11A1290092C787</key>
		<dict>
			<key>buildActionMask</key>
			<string>2147483647</string>
			<key>files</key>
			<array/>
			<key>isa</key>
			<string>PBXFrameworksBuildPhase</string>
			<key>runOnlyForDeploymentPostprocessing</key>
			<string>0</string>
		</dict>
		<key>3FF38CBD1D11A1290092C787</key>
		<dict>
			<key>buildActionMask</key>
			<string>2147483647</string>
			<key>files</key>
			<array/>
			<key>isa</key>
			<string>PBXResourcesBuildPhase</string>
			<key>runOnlyForDeploymentPostprocessing</key>
			<string>0</string>
		</dict>
		<key>3FF38CBE1D11A1290092C787</key>
		<dict>
			<key>buildConfigurationList</key>
			<string>3FF38CCE1D11A1290092C787</string>
			<key>buildPhases</key>
			<array>
				<string>3FF38CBB1D11A1290092C787</string>
				<string>3FF38CBC1D11A1290092C787</string>
				<string>3FF38CBD1D11A1290092C787</string>
			</array>
			<key>buildRules</key>
			<array/>
			<key>dependencies</key>
			<array>
				<string>3FF38CC11D11A1290092C787</string>
			</array>
			<key>isa</key>
			<string>PBXNativeTarget</string>
			<key>name</key>
			<string>QuizAppUITests</string>
			<key>productName</key>
			<string>QuizAppUITests</string>
			<key>productReference</key>
			<string>3FF38CBF1D11A1290092C787</string>
			<key>productType</key>
			<string>com.apple.product-type.bundle.ui-testing</string>
		</dict>
		<key>3FF38CBF1D11A1290092C787</key>
		<dict>
			<key>explicitFileType</key>
			<string>wrapper.cfbundle</string>
			<key>includeInIndex</key>
			<string>0</string>
			<key>isa</key>
			<string>PBXFileReference</string>
			<key>path</key>
			<string>QuizAppUITests.xctest</string>
			<key>sourceTree</key>
			<string>BUILT_PRODUCTS_DIR</string>
		</dict>
		<key>3FF38CC01D11A1290092C787</key>
		<dict>
			<key>containerPortal</key>
			<string>3FF38C981D11A1290092C787</string>
			<key>isa</key>
			<string>PBXContainerItemProxy</string>
			<key>proxyType</key>
			<string>1</string>
			<key>remoteGlobalIDString</key>
			<string>3FF38C9F1D11A1290092C787</string>
			<key>remoteInfo</key>
			<string>QuizApp</string>
		</dict>
		<key>3FF38CC11D11A1290092C787</key>
		<dict>
			<key>isa</key>
			<string>PBXTargetDependency</string>
			<key>target</key>
			<string>3FF38C9F1D11A1290092C787</string>
			<key>targetProxy</key>
			<string>3FF38CC01D11A1290092C787</string>
		</dict>
		<key>3FF38CC21D11A1290092C787</key>
		<dict>
			<key>children</key>
			<array>
				<string>3FF38CC31D11A1290092C787</string>
				<string>3FF38CC51D11A1290092C787</string>
			</array>
			<key>isa</key>
			<string>PBXGroup</string>
			<key>path</key>
			<string>QuizAppUITests</string>
			<key>sourceTree</key>
			<string>&lt;group&gt;</string>
		</dict>
		<key>3FF38CC31D11A1290092C787</key>
		<dict>
			<key>isa</key>
			<string>PBXFileReference</string>
			<key>lastKnownFileType</key>
			<string>sourcecode.swift</string>
			<key>path</key>
			<string>QuizAppUITests.swift</string>
			<key>sourceTree</key>
			<string>&lt;group&gt;</string>
		</dict>
		<key>3FF38CC41D11A1290092C787</key>
		<dict>
			<key>fileRef</key>
			<string>3FF38CC31D11A1290092C787</string>
			<key>isa</key>
			<string>PBXBuildFile</string>
		</dict>
		<key>3FF38CC51D11A1290092C787</key>
		<dict>
			<key>isa</key>
			<string>PBXFileReference</string>
			<key>lastKnownFileType</key>
			<string>text.plist.xml</string>
			<key>path</key>
			<string>Info.plist</string>
			<key>sourceTree</key>
			<string>&lt;group&gt;</string>
		</dict>
		<key>3FF38CC61D11A1290092C787</key>
		<dict>
			<key>buildSettings</key>
			<dict>
				<key>ALWAYS_SEARCH_USER_PATHS</key>
				<string>NO</string>
				<key>CLANG_ANALYZER_NONNULL</key>
				<string>YES</string>
				<key>CLANG_CXX_LANGUAGE_STANDARD</key>
				<string>gnu++0x</string>
				<key>CLANG_CXX_LIBRARY</key>
				<string>libc++</string>
				<key>CLANG_ENABLE_MODULES</key>
				<string>YES</string>
				<key>CLANG_ENABLE_OBJC_ARC</key>
				<string>YES</string>
				<key>CLANG_WARN_BOOL_CONVERSION</key>
				<string>YES</string>
				<key>CLANG_WARN_CONSTANT_CONVERSION</key>
				<string>YES</string>
				<key>CLANG_WARN_DIRECT_OBJC_ISA_USAGE</key>
				<string>YES_ERROR</string>
				<key>CLANG_WARN_EMPTY_BODY</key>
				<string>YES</string>
				<key>CLANG_WARN_ENUM_CONVERSION</key>
				<string>YES</string>
				<key>CLANG_WARN_INT_CONVERSION</key>
				<string>YES</string>
				<key>CLANG_WARN_OBJC_ROOT_CLASS</key>
				<string>YES_ERROR</string>
				<key>CLANG_WARN_UNREACHABLE_CODE</key>
				<string>YES</string>
				<key>CLANG_WARN__DUPLICATE_METHOD_MATCH</key>
				<string>YES</string>
				<key>CODE_SIGN_IDENTITY[sdk=iphoneos*]</key>
				<string>iPhone Developer</string>
				<key>COPY_PHASE_STRIP</key>
				<string>NO</string>
				<key>DEBUG_INFORMATION_FORMAT</key>
				<string>dwarf</string>
				<key>ENABLE_STRICT_OBJC_MSGSEND</key>
				<string>YES</string>
				<key>ENABLE_TESTABILITY</key>
				<string>YES</string>
				<key>GCC_C_LANGUAGE_STANDARD</key>
				<string>gnu99</string>
				<key>GCC_DYNAMIC_NO_PIC</key>
				<string>NO</string>
				<key>GCC_NO_COMMON_BLOCKS</key>
				<string>YES</string>
				<key>GCC_OPTIMIZATION_LEVEL</key>
				<string>0</string>
				<key>GCC_PREPROCESSOR_DEFINITIONS</key>
				<array>
					<string>DEBUG=1</string>
					<string>$(inherited)</string>
				</array>
				<key>GCC_WARN_64_TO_32_BIT_CONVERSION</key>
				<string>YES</string>
				<key>GCC_WARN_ABOUT_RETURN_TYPE</key>
				<string>YES_ERROR</string>
				<key>GCC_WARN_UNDECLARED_SELECTOR</key>
				<string>YES</string>
				<key>GCC_WARN_UNINITIALIZED_AUTOS</key>
				<string>YES_AGGRESSIVE</string>
				<key>GCC_WARN_UNUSED_FUNCTION</key>
				<string>YES</string>
				<key>GCC_WARN_UNUSED_VARIABLE</key>
				<string>YES</string>
				<key>IPHONEOS_DEPLOYMENT_TARGET</key>
				<string>9.3</string>
				<key>MTL_ENABLE_DEBUG_INFO</key>
				<string>YES</string>
				<key>ONLY_ACTIVE_ARCH</key>
				<string>YES</string>
				<key>SDKROOT</key>
				<string>iphoneos</string>
				<key>SWIFT_OPTIMIZATION_LEVEL</key>
				<string>-Onone</string>
			</dict>
			<key>isa</key>
			<string>XCBuildConfiguration</string>
			<key>name</key>
			<string>Debug</string>
		</dict>
		<key>3FF38CC71D11A1290092C787</key>
		<dict>
			<key>buildSettings</key>
			<dict>
				<key>ALWAYS_SEARCH_USER_PATHS</key>
				<string>NO</string>
				<key>CLANG_ANALYZER_NONNULL</key>
				<string>YES</string>
				<key>CLANG_CXX_LANGUAGE_STANDARD</key>
				<string>gnu++0x</string>
				<key>CLANG_CXX_LIBRARY</key>
				<string>libc++</string>
				<key>CLANG_ENABLE_MODULES</key>
				<string>YES</string>
				<key>CLANG_ENABLE_OBJC_ARC</key>
				<string>YES</string>
				<key>CLANG_WARN_BOOL_CONVERSION</key>
				<string>YES</string>
				<key>CLANG_WARN_CONSTANT_CONVERSION</key>
				<string>YES</string>
				<key>CLANG_WARN_DIRECT_OBJC_ISA_USAGE</key>
				<string>YES_ERROR</string>
				<key>CLANG_WARN_EMPTY_BODY</key>
				<string>YES</string>
				<key>CLANG_WARN_ENUM_CONVERSION</key>
				<string>YES</string>
				<key>CLANG_WARN_INT_CONVERSION</key>
				<string>YES</string>
				<key>CLANG_WARN_OBJC_ROOT_CLASS</key>
				<string>YES_ERROR</string>
				<key>CLANG_WARN_UNREACHABLE_CODE</key>
				<string>YES</string>
				<key>CLANG_WARN__DUPLICATE_METHOD_MATCH</key>
				<string>YES</string>
				<key>CODE_SIGN_IDENTITY[sdk=iphoneos*]</key>
				<string>iPhone Developer</string>
				<key>COPY_PHASE_STRIP</key>
				<string>NO</string>
				<key>DEBUG_INFORMATION_FORMAT</key>
				<string>dwarf-with-dsym</string>
				<key>ENABLE_NS_ASSERTIONS</key>
				<string>NO</string>
				<key>ENABLE_STRICT_OBJC_MSGSEND</key>
				<string>YES</string>
				<key>GCC_C_LANGUAGE_STANDARD</key>
				<string>gnu99</string>
				<key>GCC_NO_COMMON_BLOCKS</key>
				<string>YES</string>
				<key>GCC_WARN_64_TO_32_BIT_CONVERSION</key>
				<string>YES</string>
				<key>GCC_WARN_ABOUT_RETURN_TYPE</key>
				<string>YES_ERROR</string>
				<key>GCC_WARN_UNDECLARED_SELECTOR</key>
				<string>YES</string>
				<key>GCC_WARN_UNINITIALIZED_AUTOS</key>
				<string>YES_AGGRESSIVE</string>
				<key>GCC_WARN_UNUSED_FUNCTION</key>
				<string>YES</string>
				<key>GCC_WARN_UNUSED_VARIABLE</key>
				<string>YES</string>
				<key>IPHONEOS_DEPLOYMENT_TARGET</key>
				<string>9.3</string>
				<key>MTL_ENABLE_DEBUG_INFO</key>
				<string>NO</string>
				<key>SDKROOT</key>
				<string>iphoneos</string>
				<key>VALIDATE_PRODUCT</key>
				<string>YES</string>
			</dict>
			<key>isa</key>
			<string>XCBuildConfiguration</string>
			<key>name</key>
			<string>Release</string>
		</dict>
		<key>3FF38CC81D11A1290092C787</key>
		<dict>
			<key>buildConfigurations</key>
			<array>
				<string>3FF38CC91D11A1290092C787</string>
				<string>3FF38CCA1D11A1290092C787</string>
			</array>
			<key>defaultConfigurationIsVisible</key>
			<string>0</string>
			<key>defaultConfigurationName</key>
			<string>Release</string>
			<key>isa</key>
			<string>XCConfigurationList</string>
		</dict>
		<key>3FF38CC91D11A1290092C787</key>
		<dict>
			<key>baseConfigurationReference</key>
			<string>5224C49F9D6A0CF7D08C9A8D</string>
			<key>buildSettings</key>
			<dict>
				<key>ASSETCATALOG_COMPILER_APPICON_NAME</key>
				<string>AppIcon</string>
				<key>CODE_SIGN_IDENTITY</key>
				<string>iPhone Developer</string>
				<key>INFOPLIST_FILE</key>
				<string>QuizApp/Info.plist</string>
				<key>IPHONEOS_DEPLOYMENT_TARGET</key>
				<string>9.0</string>
				<key>LD_RUNPATH_SEARCH_PATHS</key>
				<string>$(inherited) @executable_path/Frameworks</string>
				<key>PRODUCT_BUNDLE_IDENTIFIER</key>
				<string>Vitalyi.QuizApp</string>
				<key>PRODUCT_NAME</key>
				<string>$(TARGET_NAME)</string>
			</dict>
			<key>isa</key>
			<string>XCBuildConfiguration</string>
			<key>name</key>
			<string>Debug</string>
		</dict>
		<key>3FF38CCA1D11A1290092C787</key>
		<dict>
			<key>baseConfigurationReference</key>
			<string>D889391517C08E266CCB27E6</string>
			<key>buildSettings</key>
			<dict>
				<key>ASSETCATALOG_COMPILER_APPICON_NAME</key>
				<string>AppIcon</string>
				<key>CODE_SIGN_IDENTITY</key>
				<string>iPhone Developer</string>
				<key>INFOPLIST_FILE</key>
				<string>QuizApp/Info.plist</string>
				<key>IPHONEOS_DEPLOYMENT_TARGET</key>
				<string>9.0</string>
				<key>LD_RUNPATH_SEARCH_PATHS</key>
				<string>$(inherited) @executable_path/Frameworks</string>
				<key>PRODUCT_BUNDLE_IDENTIFIER</key>
				<string>Vitalyi.QuizApp</string>
				<key>PRODUCT_NAME</key>
				<string>$(TARGET_NAME)</string>
			</dict>
			<key>isa</key>
			<string>XCBuildConfiguration</string>
			<key>name</key>
			<string>Release</string>
		</dict>
		<key>3FF38CCB1D11A1290092C787</key>
		<dict>
			<key>buildConfigurations</key>
			<array>
				<string>3FF38CCC1D11A1290092C787</string>
				<string>3FF38CCD1D11A1290092C787</string>
			</array>
			<key>defaultConfigurationIsVisible</key>
			<string>0</string>
			<key>defaultConfigurationName</key>
			<string>Release</string>
			<key>isa</key>
			<string>XCConfigurationList</string>
		</dict>
		<key>3FF38CCC1D11A1290092C787</key>
		<dict>
			<key>buildSettings</key>
			<dict>
				<key>BUNDLE_LOADER</key>
				<string>$(TEST_HOST)</string>
				<key>INFOPLIST_FILE</key>
				<string>QuizAppTests/Info.plist</string>
				<key>LD_RUNPATH_SEARCH_PATHS</key>
				<string>$(inherited) @executable_path/Frameworks @loader_path/Frameworks</string>
				<key>PRODUCT_BUNDLE_IDENTIFIER</key>
				<string>Vitalyi.WillPower.QuizAppTests</string>
				<key>PRODUCT_NAME</key>
				<string>$(TARGET_NAME)</string>
				<key>TEST_HOST</key>
				<string>$(BUILT_PRODUCTS_DIR)/QuizApp.app/QuizApp</string>
			</dict>
			<key>isa</key>
			<string>XCBuildConfiguration</string>
			<key>name</key>
			<string>Debug</string>
		</dict>
		<key>3FF38CCD1D11A1290092C787</key>
		<dict>
			<key>buildSettings</key>
			<dict>
				<key>BUNDLE_LOADER</key>
				<string>$(TEST_HOST)</string>
				<key>INFOPLIST_FILE</key>
				<string>QuizAppTests/Info.plist</string>
				<key>LD_RUNPATH_SEARCH_PATHS</key>
				<string>$(inherited) @executable_path/Frameworks @loader_path/Frameworks</string>
				<key>PRODUCT_BUNDLE_IDENTIFIER</key>
				<string>Vitalyi.WillPower.QuizAppTests</string>
				<key>PRODUCT_NAME</key>
				<string>$(TARGET_NAME)</string>
				<key>TEST_HOST</key>
				<string>$(BUILT_PRODUCTS_DIR)/QuizApp.app/QuizApp</string>
			</dict>
			<key>isa</key>
			<string>XCBuildConfiguration</string>
			<key>name</key>
			<string>Release</string>
		</dict>
		<key>3FF38CCE1D11A1290092C787</key>
		<dict>
			<key>buildConfigurations</key>
			<array>
				<string>3FF38CCF1D11A1290092C787</string>
				<string>3FF38CD01D11A1290092C787</string>
			</array>
			<key>defaultConfigurationIsVisible</key>
			<string>0</string>
			<key>defaultConfigurationName</key>
			<string>Release</string>
			<key>isa</key>
			<string>XCConfigurationList</string>
		</dict>
		<key>3FF38CCF1D11A1290092C787</key>
		<dict>
			<key>buildSettings</key>
			<dict>
				<key>INFOPLIST_FILE</key>
				<string>QuizAppUITests/Info.plist</string>
				<key>LD_RUNPATH_SEARCH_PATHS</key>
				<string>$(inherited) @executable_path/Frameworks @loader_path/Frameworks</string>
				<key>PRODUCT_BUNDLE_IDENTIFIER</key>
				<string>Vitalyi.WillPower.QuizAppUITests</string>
				<key>PRODUCT_NAME</key>
				<string>$(TARGET_NAME)</string>
				<key>TEST_TARGET_NAME</key>
				<string>QuizApp</string>
			</dict>
			<key>isa</key>
			<string>XCBuildConfiguration</string>
			<key>name</key>
			<string>Debug</string>
		</dict>
		<key>3FF38CD01D11A1290092C787</key>
		<dict>
			<key>buildSettings</key>
			<dict>
				<key>INFOPLIST_FILE</key>
				<string>QuizAppUITests/Info.plist</string>
				<key>LD_RUNPATH_SEARCH_PATHS</key>
				<string>$(inherited) @executable_path/Frameworks @loader_path/Frameworks</string>
				<key>PRODUCT_BUNDLE_IDENTIFIER</key>
				<string>Vitalyi.WillPower.QuizAppUITests</string>
				<key>PRODUCT_NAME</key>
				<string>$(TARGET_NAME)</string>
				<key>TEST_TARGET_NAME</key>
				<string>QuizApp</string>
			</dict>
			<key>isa</key>
			<string>XCBuildConfiguration</string>
			<key>name</key>
			<string>Release</string>
		</dict>
		<key>475D2D5280ECFAAE92A7D418</key>
		<dict>
			<key>buildActionMask</key>
			<string>2147483647</string>
			<key>files</key>
			<array/>
			<key>inputPaths</key>
			<array/>
			<key>isa</key>
			<string>PBXShellScriptBuildPhase</string>
			<key>name</key>
			<string>Copy Pods Resources</string>
			<key>outputPaths</key>
			<array/>
			<key>runOnlyForDeploymentPostprocessing</key>
			<string>0</string>
			<key>shellPath</key>
			<string>/bin/sh</string>
			<key>shellScript</key>
			<string>"${SRCROOT}/Pods/Target Support Files/Pods/Pods-resources.sh"
</string>
			<key>showEnvVarsInLog</key>
			<string>0</string>
		</dict>
		<key>4EEA58A5F33DE27EFA52CF5D</key>
		<dict>
			<key>children</key>
			<array>
				<string>5224C49F9D6A0CF7D08C9A8D</string>
				<string>D889391517C08E266CCB27E6</string>
			</array>
			<key>isa</key>
			<string>PBXGroup</string>
			<key>name</key>
			<string>Pods</string>
			<key>sourceTree</key>
			<string>&lt;group&gt;</string>
		</dict>
		<key>5224C49F9D6A0CF7D08C9A8D</key>
		<dict>
			<key>includeInIndex</key>
			<string>1</string>
			<key>isa</key>
			<string>PBXFileReference</string>
			<key>lastKnownFileType</key>
			<string>text.xcconfig</string>
			<key>name</key>
			<string>Pods.debug.xcconfig</string>
			<key>path</key>
			<string>Pods/Target Support Files/Pods/Pods.debug.xcconfig</string>
			<key>sourceTree</key>
			<string>&lt;group&gt;</string>
		</dict>
		<key>5DE70DAEC3C5BF0B00BC5BF5</key>
		<dict>
			<key>buildActionMask</key>
			<string>2147483647</string>
			<key>files</key>
			<array/>
			<key>inputPaths</key>
			<array/>
			<key>isa</key>
			<string>PBXShellScriptBuildPhase</string>
			<key>name</key>
			<string>Embed Pods Frameworks</string>
			<key>outputPaths</key>
			<array/>
			<key>runOnlyForDeploymentPostprocessing</key>
			<string>0</string>
			<key>shellPath</key>
			<string>/bin/sh</string>
			<key>shellScript</key>
			<string>"${SRCROOT}/Pods/Target Support Files/Pods/Pods-frameworks.sh"
</string>
			<key>showEnvVarsInLog</key>
			<string>0</string>
		</dict>
		<key>8FA7B11BB3A309DED156164F</key>
		<dict>
			<key>buildActionMask</key>
			<string>2147483647</string>
			<key>files</key>
			<array/>
			<key>inputPaths</key>
			<array/>
			<key>isa</key>
			<string>PBXShellScriptBuildPhase</string>
			<key>name</key>
			<string>Check Pods Manifest.lock</string>
			<key>outputPaths</key>
			<array/>
			<key>runOnlyForDeploymentPostprocessing</key>
			<string>0</string>
			<key>shellPath</key>
			<string>/bin/sh</string>
			<key>shellScript</key>
			<string>diff "${PODS_ROOT}/../Podfile.lock" "${PODS_ROOT}/Manifest.lock" &gt; /dev/null
if [[ $? != 0 ]] ; then
    cat &lt;&lt; EOM
error: The sandbox is not in sync with the Podfile.lock. Run 'pod install' or update your CocoaPods installation.
EOM
    exit 1
fi
</string>
			<key>showEnvVarsInLog</key>
			<string>0</string>
		</dict>
		<key>983C1F1A20AFDC5E2E509D36</key>
		<dict>
			<key>children</key>
			<array>
				<string>EA683AA049AE775AFB881018</string>
			</array>
			<key>isa</key>
			<string>PBXGroup</string>
			<key>name</key>
			<string>Frameworks</string>
			<key>sourceTree</key>
			<string>&lt;group&gt;</string>
		</dict>
		<key>D889391517C08E266CCB27E6</key>
		<dict>
			<key>includeInIndex</key>
			<string>1</string>
			<key>isa</key>
			<string>PBXFileReference</string>
			<key>lastKnownFileType</key>
			<string>text.xcconfig</string>
			<key>name</key>
			<string>Pods.release.xcconfig</string>
			<key>path</key>
			<string>Pods/Target Support Files/Pods/Pods.release.xcconfig</string>
			<key>sourceTree</key>
			<string>&lt;group&gt;</string>
		</dict>
		<key>EA683AA049AE775AFB881018</key>
		<dict>
			<key>explicitFileType</key>
			<string>wrapper.framework</string>
			<key>includeInIndex</key>
			<string>0</string>
			<key>isa</key>
			<string>PBXFileReference</string>
			<key>path</key>
			<string>Pods.framework</string>
			<key>sourceTree</key>
			<string>BUILT_PRODUCTS_DIR</string>
		</dict>
		<key>F274E3B5F41E5C762CFE1C92</key>
		<dict>
			<key>fileRef</key>
			<string>EA683AA049AE775AFB881018</string>
			<key>isa</key>
			<string>PBXBuildFile</string>
		</dict>
	</dict>
	<key>rootObject</key>
	<string>3FF38C981D11A1290092C787</string>
</dict>
</plist>
